// !$*UTF8*$!
{
	archiveVersion = 1;
	classes = {
	};
	objectVersion = 46;
	objects = {

/* Begin PBXBuildFile section */
		5B47B29C1C9D6D9E002ABEB7 /* ImageLoader.framework in Frameworks */ = {isa = PBXBuildFile; fileRef = 5B47B2971C9D6D8A002ABEB7 /* ImageLoader.framework */; };
		5B8DDC1E1C959CE30069A3D4 /* AppDelegate.swift in Sources */ = {isa = PBXBuildFile; fileRef = 5B8DDC1D1C959CE30069A3D4 /* AppDelegate.swift */; };
		5B8DDC201C959CE30069A3D4 /* ViewController.swift in Sources */ = {isa = PBXBuildFile; fileRef = 5B8DDC1F1C959CE30069A3D4 /* ViewController.swift */; };
		5B8DDC231C959CE30069A3D4 /* Main.storyboard in Resources */ = {isa = PBXBuildFile; fileRef = 5B8DDC211C959CE30069A3D4 /* Main.storyboard */; };
		5B8DDC251C959CE30069A3D4 /* Assets.xcassets in Resources */ = {isa = PBXBuildFile; fileRef = 5B8DDC241C959CE30069A3D4 /* Assets.xcassets */; };
		5B8DDC281C959CE30069A3D4 /* LaunchScreen.storyboard in Resources */ = {isa = PBXBuildFile; fileRef = 5B8DDC261C959CE30069A3D4 /* LaunchScreen.storyboard */; };
		5BCF7AC71C97C9FB00C2A350 /* MainTableViewController.swift in Sources */ = {isa = PBXBuildFile; fileRef = 5BCF7AC61C97C9FB00C2A350 /* MainTableViewController.swift */; };
		5BCF7AC91C97CA1B00C2A350 /* MainTableViewCell.swift in Sources */ = {isa = PBXBuildFile; fileRef = 5BCF7AC81C97CA1B00C2A350 /* MainTableViewCell.swift */; };
		5BCF7AF31C9A8C9300C2A350 /* Results.swift in Sources */ = {isa = PBXBuildFile; fileRef = 5BCF7AF21C9A8C9300C2A350 /* Results.swift */; };
		5EB29340101E2FEA48F9FBA3 /* Pods.framework in Frameworks */ = {isa = PBXBuildFile; fileRef = 29EF1ACCD839A548074C5023 /* Pods.framework */; };
/* End PBXBuildFile section */

/* Begin PBXContainerItemProxy section */
		5B47B2961C9D6D8A002ABEB7 /* PBXContainerItemProxy */ = {
			isa = PBXContainerItemProxy;
			containerPortal = 5B47B2911C9D6D8A002ABEB7 /* ImageLoader.xcodeproj */;
			proxyType = 2;
			remoteGlobalIDString = 65B2CF1119EF9F6600DA3605;
			remoteInfo = ImageLoader;
		};
		5B47B2981C9D6D8A002ABEB7 /* PBXContainerItemProxy */ = {
			isa = PBXContainerItemProxy;
			containerPortal = 5B47B2911C9D6D8A002ABEB7 /* ImageLoader.xcodeproj */;
			proxyType = 2;
			remoteGlobalIDString = 65B2CF1C19EF9F6600DA3605;
			remoteInfo = ImageLoaderTests;
		};
		5B47B29A1C9D6D94002ABEB7 /* PBXContainerItemProxy */ = {
			isa = PBXContainerItemProxy;
			containerPortal = 5B47B2911C9D6D8A002ABEB7 /* ImageLoader.xcodeproj */;
			proxyType = 1;
			remoteGlobalIDString = 65B2CF1019EF9F6600DA3605;
			remoteInfo = ImageLoader;
		};
/* End PBXContainerItemProxy section */

/* Begin PBXFileReference section */
		29EF1ACCD839A548074C5023 /* Pods.framework */ = {isa = PBXFileReference; explicitFileType = wrapper.framework; includeInIndex = 0; path = Pods.framework; sourceTree = BUILT_PRODUCTS_DIR; };
		4BA5F607DFEFBFEEA55B9C9D /* Pods.release.xcconfig */ = {isa = PBXFileReference; includeInIndex = 1; lastKnownFileType = text.xcconfig; name = Pods.release.xcconfig; path = "Pods/Target Support Files/Pods/Pods.release.xcconfig"; sourceTree = "<group>"; };
		5B47B28F1C9D6C6E002ABEB7 /* ImageLoader.framework */ = {isa = PBXFileReference; lastKnownFileType = wrapper.framework; name = ImageLoader.framework; path = "ImageLoaderSwift-master/build/Debug-iphoneos/ImageLoader.framework"; sourceTree = "<group>"; };
		5B47B2911C9D6D8A002ABEB7 /* ImageLoader.xcodeproj */ = {isa = PBXFileReference; lastKnownFileType = "wrapper.pb-project"; name = ImageLoader.xcodeproj; path = "ImageLoaderSwift-master/ImageLoader.xcodeproj"; sourceTree = SOURCE_ROOT; };
		5B8DDC1A1C959CE30069A3D4 /* DemoSEAPI.app */ = {isa = PBXFileReference; explicitFileType = wrapper.application; includeInIndex = 0; path = DemoSEAPI.app; sourceTree = BUILT_PRODUCTS_DIR; };
		5B8DDC1D1C959CE30069A3D4 /* AppDelegate.swift */ = {isa = PBXFileReference; lastKnownFileType = sourcecode.swift; path = AppDelegate.swift; sourceTree = "<group>"; };
		5B8DDC1F1C959CE30069A3D4 /* ViewController.swift */ = {isa = PBXFileReference; lastKnownFileType = sourcecode.swift; path = ViewController.swift; sourceTree = "<group>"; };
		5B8DDC221C959CE30069A3D4 /* Base */ = {isa = PBXFileReference; lastKnownFileType = file.storyboard; name = Base; path = Base.lproj/Main.storyboard; sourceTree = "<group>"; };
		5B8DDC241C959CE30069A3D4 /* Assets.xcassets */ = {isa = PBXFileReference; lastKnownFileType = folder.assetcatalog; path = Assets.xcassets; sourceTree = "<group>"; };
		5B8DDC271C959CE30069A3D4 /* Base */ = {isa = PBXFileReference; lastKnownFileType = file.storyboard; name = Base; path = Base.lproj/LaunchScreen.storyboard; sourceTree = "<group>"; };
		5B8DDC291C959CE30069A3D4 /* Info.plist */ = {isa = PBXFileReference; lastKnownFileType = text.plist.xml; path = Info.plist; sourceTree = "<group>"; };
		5BCF7AC61C97C9FB00C2A350 /* MainTableViewController.swift */ = {isa = PBXFileReference; fileEncoding = 4; lastKnownFileType = sourcecode.swift; path = MainTableViewController.swift; sourceTree = "<group>"; };
		5BCF7AC81C97CA1B00C2A350 /* MainTableViewCell.swift */ = {isa = PBXFileReference; fileEncoding = 4; lastKnownFileType = sourcecode.swift; path = MainTableViewCell.swift; sourceTree = "<group>"; };
		5BCF7AF21C9A8C9300C2A350 /* Results.swift */ = {isa = PBXFileReference; fileEncoding = 4; lastKnownFileType = sourcecode.swift; path = Results.swift; sourceTree = "<group>"; };
		7F550AAC315C3EF56B6E44AA /* Pods.debug.xcconfig */ = {isa = PBXFileReference; includeInIndex = 1; lastKnownFileType = text.xcconfig; name = Pods.debug.xcconfig; path = "Pods/Target Support Files/Pods/Pods.debug.xcconfig"; sourceTree = "<group>"; };
/* End PBXFileReference section */

/* Begin PBXFrameworksBuildPhase section */
		5B8DDC171C959CE30069A3D4 /* Frameworks */ = {
			isa = PBXFrameworksBuildPhase;
			buildActionMask = 2147483647;
			files = (
				5B47B29C1C9D6D9E002ABEB7 /* ImageLoader.framework in Frameworks */,
				5EB29340101E2FEA48F9FBA3 /* Pods.framework in Frameworks */,
			);
			runOnlyForDeploymentPostprocessing = 0;
		};
/* End PBXFrameworksBuildPhase section */

/* Begin PBXGroup section */
		09FCA9CC5F5C0043D033200C /* Frameworks */ = {
			isa = PBXGroup;
			children = (
				5B47B28F1C9D6C6E002ABEB7 /* ImageLoader.framework */,
				29EF1ACCD839A548074C5023 /* Pods.framework */,
			);
			name = Frameworks;
			sourceTree = "<group>";
		};
		5B47B2921C9D6D8A002ABEB7 /* Products */ = {
			isa = PBXGroup;
			children = (
				5B47B2971C9D6D8A002ABEB7 /* ImageLoader.framework */,
				5B47B2991C9D6D8A002ABEB7 /* ImageLoaderTests.xctest */,
			);
			name = Products;
			sourceTree = "<group>";
		};
		5B8DDC111C959CE30069A3D4 = {
			isa = PBXGroup;
			children = (
				5B8DDC1C1C959CE30069A3D4 /* DemoSEAPI */,
				5B8DDC1B1C959CE30069A3D4 /* Products */,
				E1D633AC98FCDB53884CD496 /* Pods */,
				09FCA9CC5F5C0043D033200C /* Frameworks */,
			);
			sourceTree = "<group>";
		};
		5B8DDC1B1C959CE30069A3D4 /* Products */ = {
			isa = PBXGroup;
			children = (
				5B8DDC1A1C959CE30069A3D4 /* DemoSEAPI.app */,
			);
			name = Products;
			sourceTree = "<group>";
		};
		5B8DDC1C1C959CE30069A3D4 /* DemoSEAPI */ = {
			isa = PBXGroup;
			children = (
				5B47B2911C9D6D8A002ABEB7 /* ImageLoader.xcodeproj */,
				5B8DDC1D1C959CE30069A3D4 /* AppDelegate.swift */,
				5B8DDC1F1C959CE30069A3D4 /* ViewController.swift */,
				5BCF7AC61C97C9FB00C2A350 /* MainTableViewController.swift */,
				5B8DDC211C959CE30069A3D4 /* Main.storyboard */,
				5B8DDC241C959CE30069A3D4 /* Assets.xcassets */,
				5B8DDC261C959CE30069A3D4 /* LaunchScreen.storyboard */,
				5B8DDC291C959CE30069A3D4 /* Info.plist */,
				5BCF7AC81C97CA1B00C2A350 /* MainTableViewCell.swift */,
				5BCF7AF21C9A8C9300C2A350 /* Results.swift */,
			);
			path = DemoSEAPI;
			sourceTree = "<group>";
		};
		E1D633AC98FCDB53884CD496 /* Pods */ = {
			isa = PBXGroup;
			children = (
				7F550AAC315C3EF56B6E44AA /* Pods.debug.xcconfig */,
				4BA5F607DFEFBFEEA55B9C9D /* Pods.release.xcconfig */,
			);
			name = Pods;
			sourceTree = "<group>";
		};
/* End PBXGroup section */

/* Begin PBXNativeTarget section */
		5B8DDC191C959CE30069A3D4 /* DemoSEAPI */ = {
			isa = PBXNativeTarget;
			buildConfigurationList = 5B8DDC2C1C959CE30069A3D4 /* Build configuration list for PBXNativeTarget "DemoSEAPI" */;
			buildPhases = (
				AF58B02673BAE1A25C73CD14 /* Check Pods Manifest.lock */,
				5B8DDC161C959CE30069A3D4 /* Sources */,
				5B8DDC171C959CE30069A3D4 /* Frameworks */,
				5B8DDC181C959CE30069A3D4 /* Resources */,
				57A2405F2D91B4F05EDC66FC /* Embed Pods Frameworks */,
				5204B0DFFAD6FBAB222E5C2E /* Copy Pods Resources */,
			);
			buildRules = (
			);
			dependencies = (
				5B47B29B1C9D6D94002ABEB7 /* PBXTargetDependency */,
			);
			name = DemoSEAPI;
			productName = DemoSEAPI;
			productReference = 5B8DDC1A1C959CE30069A3D4 /* DemoSEAPI.app */;
			productType = "com.apple.product-type.application";
		};
/* End PBXNativeTarget section */

/* Begin PBXProject section */
		5B8DDC121C959CE30069A3D4 /* Project object */ = {
			isa = PBXProject;
			attributes = {
				LastSwiftUpdateCheck = 0720;
				LastUpgradeCheck = 0720;
				ORGANIZATIONNAME = ashiq;
				TargetAttributes = {
					5B8DDC191C959CE30069A3D4 = {
						CreatedOnToolsVersion = 7.2;
						DevelopmentTeam = E3JNAB32PR;
					};
				};
			};
			buildConfigurationList = 5B8DDC151C959CE30069A3D4 /* Build configuration list for PBXProject "DemoSEAPI" */;
			compatibilityVersion = "Xcode 3.2";
			developmentRegion = English;
			hasScannedForEncodings = 0;
			knownRegions = (
				en,
				Base,
			);
			mainGroup = 5B8DDC111C959CE30069A3D4;
			productRefGroup = 5B8DDC1B1C959CE30069A3D4 /* Products */;
			projectDirPath = "";
			projectReferences = (
				{
					ProductGroup = 5B47B2921C9D6D8A002ABEB7 /* Products */;
					ProjectRef = 5B47B2911C9D6D8A002ABEB7 /* ImageLoader.xcodeproj */;
				},
			);
			projectRoot = "";
			targets = (
				5B8DDC191C959CE30069A3D4 /* DemoSEAPI */,
			);
		};
/* End PBXProject section */

/* Begin PBXReferenceProxy section */
		5B47B2971C9D6D8A002ABEB7 /* ImageLoader.framework */ = {
			isa = PBXReferenceProxy;
			fileType = wrapper.framework;
			path = ImageLoader.framework;
			remoteRef = 5B47B2961C9D6D8A002ABEB7 /* PBXContainerItemProxy */;
			sourceTree = BUILT_PRODUCTS_DIR;
		};
		5B47B2991C9D6D8A002ABEB7 /* ImageLoaderTests.xctest */ = {
			isa = PBXReferenceProxy;
			fileType = wrapper.cfbundle;
			path = ImageLoaderTests.xctest;
			remoteRef = 5B47B2981C9D6D8A002ABEB7 /* PBXContainerItemProxy */;
			sourceTree = BUILT_PRODUCTS_DIR;
		};
/* End PBXReferenceProxy section */

/* Begin PBXResourcesBuildPhase section */
		5B8DDC181C959CE30069A3D4 /* Resources */ = {
			isa = PBXResourcesBuildPhase;
			buildActionMask = 2147483647;
			files = (
				5B8DDC281C959CE30069A3D4 /* LaunchScreen.storyboard in Resources */,
				5B8DDC251C959CE30069A3D4 /* Assets.xcassets in Resources */,
				5B8DDC231C959CE30069A3D4 /* Main.storyboard in Resources */,
			);
			runOnlyForDeploymentPostprocessing = 0;
		};
/* End PBXResourcesBuildPhase section */

/* Begin PBXShellScriptBuildPhase section */
		5204B0DFFAD6FBAB222E5C2E /* Copy Pods Resources */ = {
			isa = PBXShellScriptBuildPhase;
			buildActionMask = 2147483647;
			files = (
			);
			inputPaths = (
			);
			name = "Copy Pods Resources";
			outputPaths = (
			);
			runOnlyForDeploymentPostprocessing = 0;
			shellPath = /bin/sh;
			shellScript = "\"${SRCROOT}/Pods/Target Support Files/Pods/Pods-resources.sh\"\n";
			showEnvVarsInLog = 0;
		};
		57A2405F2D91B4F05EDC66FC /* Embed Pods Frameworks */ = {
			isa = PBXShellScriptBuildPhase;
			buildActionMask = 2147483647;
			files = (
			);
			inputPaths = (
			);
			name = "Embed Pods Frameworks";
			outputPaths = (
			);
			runOnlyForDeploymentPostprocessing = 0;
			shellPath = /bin/sh;
			shellScript = "\"${SRCROOT}/Pods/Target Support Files/Pods/Pods-frameworks.sh\"\n";
			showEnvVarsInLog = 0;
		};
		AF58B02673BAE1A25C73CD14 /* Check Pods Manifest.lock */ = {
			isa = PBXShellScriptBuildPhase;
			buildActionMask = 2147483647;
			files = (
			);
			inputPaths = (
			);
			name = "Check Pods Manifest.lock";
			outputPaths = (
			);
			runOnlyForDeploymentPostprocessing = 0;
			shellPath = /bin/sh;
			shellScript = "diff \"${PODS_ROOT}/../Podfile.lock\" \"${PODS_ROOT}/Manifest.lock\" > /dev/null\nif [[ $? != 0 ]] ; then\n    cat << EOM\nerror: The sandbox is not in sync with the Podfile.lock. Run 'pod install' or update your CocoaPods installation.\nEOM\n    exit 1\nfi\n";
			showEnvVarsInLog = 0;
		};
/* End PBXShellScriptBuildPhase section */

/* Begin PBXSourcesBuildPhase section */
		5B8DDC161C959CE30069A3D4 /* Sources */ = {
			isa = PBXSourcesBuildPhase;
			buildActionMask = 2147483647;
			files = (
				5B8DDC201C959CE30069A3D4 /* ViewController.swift in Sources */,
				5BCF7AC71C97C9FB00C2A350 /* MainTableViewController.swift in Sources */,
				5BCF7AC91C97CA1B00C2A350 /* MainTableViewCell.swift in Sources */,
				5B8DDC1E1C959CE30069A3D4 /* AppDelegate.swift in Sources */,
				5BCF7AF31C9A8C9300C2A350 /* Results.swift in Sources */,
			);
			runOnlyForDeploymentPostprocessing = 0;
		};
/* End PBXSourcesBuildPhase section */

/* Begin PBXTargetDependency section */
		5B47B29B1C9D6D94002ABEB7 /* PBXTargetDependency */ = {
			isa = PBXTargetDependency;
			name = ImageLoader;
			targetProxy = 5B47B29A1C9D6D94002ABEB7 /* PBXContainerItemProxy */;
		};
/* End PBXTargetDependency section */

/* Begin PBXVariantGroup section */
		5B8DDC211C959CE30069A3D4 /* Main.storyboard */ = {
			isa = PBXVariantGroup;
			children = (
				5B8DDC221C959CE30069A3D4 /* Base */,
			);
			name = Main.storyboard;
			sourceTree = "<group>";
		};
		5B8DDC261C959CE30069A3D4 /* LaunchScreen.storyboard */ = {
			isa = PBXVariantGroup;
			children = (
				5B8DDC271C959CE30069A3D4 /* Base */,
			);
			name = LaunchScreen.storyboard;
			sourceTree = "<group>";
		};
/* End PBXVariantGroup section */

/* Begin XCBuildConfiguration section */
		5B8DDC2A1C959CE30069A3D4 /* Debug */ = {
			isa = XCBuildConfiguration;
			buildSettings = {
				ALWAYS_SEARCH_USER_PATHS = NO;
				CLANG_CXX_LANGUAGE_STANDARD = "gnu++0x";
				CLANG_CXX_LIBRARY = "libc++";
				CLANG_ENABLE_MODULES = YES;
				CLANG_ENABLE_OBJC_ARC = YES;
				CLANG_WARN_BOOL_CONVERSION = YES;
				CLANG_WARN_CONSTANT_CONVERSION = YES;
				CLANG_WARN_DIRECT_OBJC_ISA_USAGE = YES_ERROR;
				CLANG_WARN_EMPTY_BODY = YES;
				CLANG_WARN_ENUM_CONVERSION = YES;
				CLANG_WARN_INT_CONVERSION = YES;
				CLANG_WARN_OBJC_ROOT_CLASS = YES_ERROR;
				CLANG_WARN_UNREACHABLE_CODE = YES;
				CLANG_WARN__DUPLICATE_METHOD_MATCH = YES;
				"CODE_SIGN_IDENTITY[sdk=iphoneos*]" = "iPhone Developer";
				COPY_PHASE_STRIP = NO;
				DEBUG_INFORMATION_FORMAT = dwarf;
				ENABLE_STRICT_OBJC_MSGSEND = YES;
				ENABLE_TESTABILITY = YES;
				GCC_C_LANGUAGE_STANDARD = gnu99;
				GCC_DYNAMIC_NO_PIC = NO;
				GCC_NO_COMMON_BLOCKS = YES;
				GCC_OPTIMIZATION_LEVEL = 0;
				GCC_PREPROCESSOR_DEFINITIONS = (
					"DEBUG=1",
					"$(inherited)",
				);
				GCC_WARN_64_TO_32_BIT_CONVERSION = YES;
				GCC_WARN_ABOUT_RETURN_TYPE = YES_ERROR;
				GCC_WARN_UNDECLARED_SELECTOR = YES;
				GCC_WARN_UNINITIALIZED_AUTOS = YES_AGGRESSIVE;
				GCC_WARN_UNUSED_FUNCTION = YES;
				GCC_WARN_UNUSED_VARIABLE = YES;
				IPHONEOS_DEPLOYMENT_TARGET = 9.2;
				MTL_ENABLE_DEBUG_INFO = YES;
				ONLY_ACTIVE_ARCH = YES;
				SDKROOT = iphoneos;
				SWIFT_OPTIMIZATION_LEVEL = "-Onone";
			};
			name = Debug;
		};
		5B8DDC2B1C959CE30069A3D4 /* Release */ = {
			isa = XCBuildConfiguration;
			buildSettings = {
				ALWAYS_SEARCH_USER_PATHS = NO;
				CLANG_CXX_LANGUAGE_STANDARD = "gnu++0x";
				CLANG_CXX_LIBRARY = "libc++";
				CLANG_ENABLE_MODULES = YES;
				CLANG_ENABLE_OBJC_ARC = YES;
				CLANG_WARN_BOOL_CONVERSION = YES;
				CLANG_WARN_CONSTANT_CONVERSION = YES;
				CLANG_WARN_DIRECT_OBJC_ISA_USAGE = YES_ERROR;
				CLANG_WARN_EMPTY_BODY = YES;
				CLANG_WARN_ENUM_CONVERSION = YES;
				CLANG_WARN_INT_CONVERSION = YES;
				CLANG_WARN_OBJC_ROOT_CLASS = YES_ERROR;
				CLANG_WARN_UNREACHABLE_CODE = YES;
				CLANG_WARN__DUPLICATE_METHOD_MATCH = YES;
				"CODE_SIGN_IDENTITY[sdk=iphoneos*]" = "iPhone Developer";
				COPY_PHASE_STRIP = NO;
				DEBUG_INFORMATION_FORMAT = "dwarf-with-dsym";
				ENABLE_NS_ASSERTIONS = NO;
				ENABLE_STRICT_OBJC_MSGSEND = YES;
				GCC_C_LANGUAGE_STANDARD = gnu99;
				GCC_NO_COMMON_BLOCKS = YES;
				GCC_WARN_64_TO_32_BIT_CONVERSION = YES;
				GCC_WARN_ABOUT_RETURN_TYPE = YES_ERROR;
				GCC_WARN_UNDECLARED_SELECTOR = YES;
				GCC_WARN_UNINITIALIZED_AUTOS = YES_AGGRESSIVE;
				GCC_WARN_UNUSED_FUNCTION = YES;
				GCC_WARN_UNUSED_VARIABLE = YES;
				IPHONEOS_DEPLOYMENT_TARGET = 9.2;
				MTL_ENABLE_DEBUG_INFO = NO;
				SDKROOT = iphoneos;
				VALIDATE_PRODUCT = YES;
			};
			name = Release;
		};
		5B8DDC2D1C959CE30069A3D4 /* Debug */ = {
			isa = XCBuildConfiguration;
			baseConfigurationReference = 7F550AAC315C3EF56B6E44AA /* Pods.debug.xcconfig */;
			buildSettings = {
				ASSETCATALOG_COMPILER_APPICON_NAME = AppIcon;
				FRAMEWORK_SEARCH_PATHS = "$(inherited)";
				INFOPLIST_FILE = DemoSEAPI/Info.plist;
				LD_RUNPATH_SEARCH_PATHS = "$(inherited) @executable_path/Frameworks";
				PRODUCT_BUNDLE_IDENTIFIER = com.sample.hello.DemoSEAPI;
				PRODUCT_NAME = "$(TARGET_NAME)";
			};
			name = Debug;
		};
		5B8DDC2E1C959CE30069A3D4 /* Release */ = {
			isa = XCBuildConfiguration;
			baseConfigurationReference = 4BA5F607DFEFBFEEA55B9C9D /* Pods.release.xcconfig */;
			buildSettings = {
				ASSETCATALOG_COMPILER_APPICON_NAME = AppIcon;
				FRAMEWORK_SEARCH_PATHS = "$(inherited)";
				INFOPLIST_FILE = DemoSEAPI/Info.plist;
				LD_RUNPATH_SEARCH_PATHS = "$(inherited) @executable_path/Frameworks";
				PRODUCT_BUNDLE_IDENTIFIER = com.sample.hello.DemoSEAPI;
				PRODUCT_NAME = "$(TARGET_NAME)";
			};
			name = Release;
		};
/* End XCBuildConfiguration section */

/* Begin XCConfigurationList section */
		5B8DDC151C959CE30069A3D4 /* Build configuration list for PBXProject "DemoSEAPI" */ = {
			isa = XCConfigurationList;
			buildConfigurations = (
				5B8DDC2A1C959CE30069A3D4 /* Debug */,
				5B8DDC2B1C959CE30069A3D4 /* Release */,
			);
			defaultConfigurationIsVisible = 0;
			defaultConfigurationName = Release;
		};
		5B8DDC2C1C959CE30069A3D4 /* Build configuration list for PBXNativeTarget "DemoSEAPI" */ = {
			isa = XCConfigurationList;
			buildConfigurations = (
				5B8DDC2D1C959CE30069A3D4 /* Debug */,
				5B8DDC2E1C959CE30069A3D4 /* Release */,
			);
			defaultConfigurationIsVisible = 0;
			defaultConfigurationName = Release;
		};
/* End XCConfigurationList section */
	};
	rootObject = 5B8DDC121C959CE30069A3D4 /* Project object */;
}
